
Microsoft Visual Studio Solution File, Format Version 12.00
# Visual Studio Version 17
VisualStudioVersion = 17.5.33516.290
MinimumVisualStudioVersion = 10.0.40219.1
Project("{FAE04EC0-301F-11D3-BF4B-00C04F79EFBC}") = "countofalphabets", "countofalphabets\countofalphabets.csproj", "{D8C2393C-99C4-464A-95D2-C055070F6C78}"
EndProject
Global
	GlobalSection(SolutionConfigurationPlatforms) = preSolution
		Debug|Any CPU = Debug|Any CPU
		Release|Any CPU = Release|Any CPU
	EndGlobalSection
	GlobalSection(ProjectConfigurationPlatforms) = postSolution
		{D8C2393C-99C4-464A-95D2-C055070F6C78}.Debug|Any CPU.ActiveCfg = Debug|Any CPU
		{D8C2393C-99C4-464A-95D2-C055070F6C78}.Debug|Any CPU.Build.0 = Debug|Any CPU
		{D8C2393C-99C4-464A-95D2-C055070F6C78}.Release|Any CPU.ActiveCfg = Release|Any CPU
		{D8C2393C-99C4-464A-95D2-C055070F6C78}.Release|Any CPU.Build.0 = Release|Any CPU
	EndGlobalSection
	GlobalSection(SolutionProperties) = preSolution
		HideSolutionNode = FALSE
	EndGlobalSection
	GlobalSection(ExtensibilityGlobals) = postSolution
		SolutionGuid = {4EF52D40-7C6F-4FC4-8F51-43E3EBD82D36}
	EndGlobalSection
EndGlobal
