
Microsoft Visual Studio Solution File, Format Version 12.00
# Visual Studio Version 17
VisualStudioVersion = 17.5.33516.290
MinimumVisualStudioVersion = 10.0.40219.1
Project("{FAE04EC0-301F-11D3-BF4B-00C04F79EFBC}") = "PrintString", "PrintString\PrintString.csproj", "{8CAAEFA4-00B7-4363-90BB-9FAA0C286BC6}"
EndProject
Global
	GlobalSection(SolutionConfigurationPlatforms) = preSolution
		Debug|Any CPU = Debug|Any CPU
		Release|Any CPU = Release|Any CPU
	EndGlobalSection
	GlobalSection(ProjectConfigurationPlatforms) = postSolution
		{8CAAEFA4-00B7-4363-90BB-9FAA0C286BC6}.Debug|Any CPU.ActiveCfg = Debug|Any CPU
		{8CAAEFA4-00B7-4363-90BB-9FAA0C286BC6}.Debug|Any CPU.Build.0 = Debug|Any CPU
		{8CAAEFA4-00B7-4363-90BB-9FAA0C286BC6}.Release|Any CPU.ActiveCfg = Release|Any CPU
		{8CAAEFA4-00B7-4363-90BB-9FAA0C286BC6}.Release|Any CPU.Build.0 = Release|Any CPU
	EndGlobalSection
	GlobalSection(SolutionProperties) = preSolution
		HideSolutionNode = FALSE
	EndGlobalSection
	GlobalSection(ExtensibilityGlobals) = postSolution
		SolutionGuid = {8DAF201E-132E-4774-BBF5-05351D148662}
	EndGlobalSection
EndGlobal
