
Microsoft Visual Studio Solution File, Format Version 12.00
# Visual Studio Version 17
VisualStudioVersion = 17.5.33516.290
MinimumVisualStudioVersion = 10.0.40219.1
Project("{FAE04EC0-301F-11D3-BF4B-00C04F79EFBC}") = "bubblesort", "bubblesort\bubblesort.csproj", "{4C54DC15-1224-4E76-88ED-75AA84C68AE9}"
EndProject
Global
	GlobalSection(SolutionConfigurationPlatforms) = preSolution
		Debug|Any CPU = Debug|Any CPU
		Release|Any CPU = Release|Any CPU
	EndGlobalSection
	GlobalSection(ProjectConfigurationPlatforms) = postSolution
		{4C54DC15-1224-4E76-88ED-75AA84C68AE9}.Debug|Any CPU.ActiveCfg = Debug|Any CPU
		{4C54DC15-1224-4E76-88ED-75AA84C68AE9}.Debug|Any CPU.Build.0 = Debug|Any CPU
		{4C54DC15-1224-4E76-88ED-75AA84C68AE9}.Release|Any CPU.ActiveCfg = Release|Any CPU
		{4C54DC15-1224-4E76-88ED-75AA84C68AE9}.Release|Any CPU.Build.0 = Release|Any CPU
	EndGlobalSection
	GlobalSection(SolutionProperties) = preSolution
		HideSolutionNode = FALSE
	EndGlobalSection
	GlobalSection(ExtensibilityGlobals) = postSolution
		SolutionGuid = {883A58F9-49B0-463A-8B4C-FF8D7981C6CA}
	EndGlobalSection
EndGlobal
