
Microsoft Visual Studio Solution File, Format Version 12.00
# Visual Studio Version 17
VisualStudioVersion = 17.5.33516.290
MinimumVisualStudioVersion = 10.0.40219.1
Project("{FAE04EC0-301F-11D3-BF4B-00C04F79EFBC}") = "Entityframe2", "Entityframe2\Entityframe2.csproj", "{AB727398-5966-48BC-813E-55BFEB11FD51}"
EndProject
Global
	GlobalSection(SolutionConfigurationPlatforms) = preSolution
		Debug|Any CPU = Debug|Any CPU
		Release|Any CPU = Release|Any CPU
	EndGlobalSection
	GlobalSection(ProjectConfigurationPlatforms) = postSolution
		{AB727398-5966-48BC-813E-55BFEB11FD51}.Debug|Any CPU.ActiveCfg = Debug|Any CPU
		{AB727398-5966-48BC-813E-55BFEB11FD51}.Debug|Any CPU.Build.0 = Debug|Any CPU
		{AB727398-5966-48BC-813E-55BFEB11FD51}.Release|Any CPU.ActiveCfg = Release|Any CPU
		{AB727398-5966-48BC-813E-55BFEB11FD51}.Release|Any CPU.Build.0 = Release|Any CPU
	EndGlobalSection
	GlobalSection(SolutionProperties) = preSolution
		HideSolutionNode = FALSE
	EndGlobalSection
	GlobalSection(ExtensibilityGlobals) = postSolution
		SolutionGuid = {C427A76E-5F21-4CAC-B498-13F92F14F19E}
	EndGlobalSection
EndGlobal
