
Microsoft Visual Studio Solution File, Format Version 12.00
# Visual Studio Version 17
VisualStudioVersion = 17.5.33516.290
MinimumVisualStudioVersion = 10.0.40219.1
Project("{FAE04EC0-301F-11D3-BF4B-00C04F79EFBC}") = "MailFolder", "MailFolder\MailFolder.csproj", "{FB7E5769-2B24-4BBB-B269-E933CF38D093}"
EndProject
Global
	GlobalSection(SolutionConfigurationPlatforms) = preSolution
		Debug|Any CPU = Debug|Any CPU
		Release|Any CPU = Release|Any CPU
	EndGlobalSection
	GlobalSection(ProjectConfigurationPlatforms) = postSolution
		{FB7E5769-2B24-4BBB-B269-E933CF38D093}.Debug|Any CPU.ActiveCfg = Debug|Any CPU
		{FB7E5769-2B24-4BBB-B269-E933CF38D093}.Debug|Any CPU.Build.0 = Debug|Any CPU
		{FB7E5769-2B24-4BBB-B269-E933CF38D093}.Release|Any CPU.ActiveCfg = Release|Any CPU
		{FB7E5769-2B24-4BBB-B269-E933CF38D093}.Release|Any CPU.Build.0 = Release|Any CPU
	EndGlobalSection
	GlobalSection(SolutionProperties) = preSolution
		HideSolutionNode = FALSE
	EndGlobalSection
	GlobalSection(ExtensibilityGlobals) = postSolution
		SolutionGuid = {51282F9D-BC5C-4D1B-A5D1-4CE778C6D5B1}
	EndGlobalSection
EndGlobal
