
Microsoft Visual Studio Solution File, Format Version 12.00
# Visual Studio Version 17
VisualStudioVersion = 17.5.33516.290
MinimumVisualStudioVersion = 10.0.40219.1
Project("{FAE04EC0-301F-11D3-BF4B-00C04F79EFBC}") = "LinqExcer2", "LinqExcer2\LinqExcer2.csproj", "{2CE1E72D-8B54-4FD5-96CE-DB745CAE7879}"
EndProject
Global
	GlobalSection(SolutionConfigurationPlatforms) = preSolution
		Debug|Any CPU = Debug|Any CPU
		Release|Any CPU = Release|Any CPU
	EndGlobalSection
	GlobalSection(ProjectConfigurationPlatforms) = postSolution
		{2CE1E72D-8B54-4FD5-96CE-DB745CAE7879}.Debug|Any CPU.ActiveCfg = Debug|Any CPU
		{2CE1E72D-8B54-4FD5-96CE-DB745CAE7879}.Debug|Any CPU.Build.0 = Debug|Any CPU
		{2CE1E72D-8B54-4FD5-96CE-DB745CAE7879}.Release|Any CPU.ActiveCfg = Release|Any CPU
		{2CE1E72D-8B54-4FD5-96CE-DB745CAE7879}.Release|Any CPU.Build.0 = Release|Any CPU
	EndGlobalSection
	GlobalSection(SolutionProperties) = preSolution
		HideSolutionNode = FALSE
	EndGlobalSection
	GlobalSection(ExtensibilityGlobals) = postSolution
		SolutionGuid = {3EA8E37E-AB53-46BF-B615-2CD18D404C1A}
	EndGlobalSection
EndGlobal
