
Microsoft Visual Studio Solution File, Format Version 12.00
# Visual Studio Version 17
VisualStudioVersion = 17.5.33516.290
MinimumVisualStudioVersion = 10.0.40219.1
Project("{FAE04EC0-301F-11D3-BF4B-00C04F79EFBC}") = "SongGroupReq3", "SongGroupReq3\SongGroupReq3.csproj", "{533946E3-6997-4B5D-992C-9CA47A94E460}"
EndProject
Project("{FAE04EC0-301F-11D3-BF4B-00C04F79EFBC}") = "SongGroupReq4", "SongGroupReq4\SongGroupReq4.csproj", "{57D3843B-42D1-4AC9-9C49-9949E0405F8C}"
EndProject
Project("{FAE04EC0-301F-11D3-BF4B-00C04F79EFBC}") = "SongGroupReq5", "SongGroupReq5\SongGroupReq5.csproj", "{25CA4A11-6884-498D-AD75-10EB94188478}"
EndProject
Global
	GlobalSection(SolutionConfigurationPlatforms) = preSolution
		Debug|Any CPU = Debug|Any CPU
		Release|Any CPU = Release|Any CPU
	EndGlobalSection
	GlobalSection(ProjectConfigurationPlatforms) = postSolution
		{533946E3-6997-4B5D-992C-9CA47A94E460}.Debug|Any CPU.ActiveCfg = Debug|Any CPU
		{533946E3-6997-4B5D-992C-9CA47A94E460}.Debug|Any CPU.Build.0 = Debug|Any CPU
		{533946E3-6997-4B5D-992C-9CA47A94E460}.Release|Any CPU.ActiveCfg = Release|Any CPU
		{533946E3-6997-4B5D-992C-9CA47A94E460}.Release|Any CPU.Build.0 = Release|Any CPU
		{57D3843B-42D1-4AC9-9C49-9949E0405F8C}.Debug|Any CPU.ActiveCfg = Debug|Any CPU
		{57D3843B-42D1-4AC9-9C49-9949E0405F8C}.Debug|Any CPU.Build.0 = Debug|Any CPU
		{57D3843B-42D1-4AC9-9C49-9949E0405F8C}.Release|Any CPU.ActiveCfg = Release|Any CPU
		{57D3843B-42D1-4AC9-9C49-9949E0405F8C}.Release|Any CPU.Build.0 = Release|Any CPU
		{25CA4A11-6884-498D-AD75-10EB94188478}.Debug|Any CPU.ActiveCfg = Debug|Any CPU
		{25CA4A11-6884-498D-AD75-10EB94188478}.Debug|Any CPU.Build.0 = Debug|Any CPU
		{25CA4A11-6884-498D-AD75-10EB94188478}.Release|Any CPU.ActiveCfg = Release|Any CPU
		{25CA4A11-6884-498D-AD75-10EB94188478}.Release|Any CPU.Build.0 = Release|Any CPU
	EndGlobalSection
	GlobalSection(SolutionProperties) = preSolution
		HideSolutionNode = FALSE
	EndGlobalSection
	GlobalSection(ExtensibilityGlobals) = postSolution
		SolutionGuid = {E2179B94-44D5-48AF-A67C-22EAFE4E282B}
	EndGlobalSection
EndGlobal
