
Microsoft Visual Studio Solution File, Format Version 12.00
# Visual Studio Version 17
VisualStudioVersion = 17.5.33516.290
MinimumVisualStudioVersion = 10.0.40219.1
Project("{FAE04EC0-301F-11D3-BF4B-00C04F79EFBC}") = "ZeroToFive", "ZeroToFive\ZeroToFive.csproj", "{78E03193-636D-4C84-981B-800E12506413}"
EndProject
Global
	GlobalSection(SolutionConfigurationPlatforms) = preSolution
		Debug|Any CPU = Debug|Any CPU
		Release|Any CPU = Release|Any CPU
	EndGlobalSection
	GlobalSection(ProjectConfigurationPlatforms) = postSolution
		{78E03193-636D-4C84-981B-800E12506413}.Debug|Any CPU.ActiveCfg = Debug|Any CPU
		{78E03193-636D-4C84-981B-800E12506413}.Debug|Any CPU.Build.0 = Debug|Any CPU
		{78E03193-636D-4C84-981B-800E12506413}.Release|Any CPU.ActiveCfg = Release|Any CPU
		{78E03193-636D-4C84-981B-800E12506413}.Release|Any CPU.Build.0 = Release|Any CPU
	EndGlobalSection
	GlobalSection(SolutionProperties) = preSolution
		HideSolutionNode = FALSE
	EndGlobalSection
	GlobalSection(ExtensibilityGlobals) = postSolution
		SolutionGuid = {132DA1F7-A21E-45CF-B5D0-5B06B4140336}
	EndGlobalSection
EndGlobal
