
Microsoft Visual Studio Solution File, Format Version 12.00
# Visual Studio Version 17
VisualStudioVersion = 17.5.33516.290
MinimumVisualStudioVersion = 10.0.40219.1
Project("{FAE04EC0-301F-11D3-BF4B-00C04F79EFBC}") = "constrctor", "constrctor\constrctor.csproj", "{DAE68513-30A4-4F60-A18C-59B928AD0932}"
EndProject
Global
	GlobalSection(SolutionConfigurationPlatforms) = preSolution
		Debug|Any CPU = Debug|Any CPU
		Release|Any CPU = Release|Any CPU
	EndGlobalSection
	GlobalSection(ProjectConfigurationPlatforms) = postSolution
		{DAE68513-30A4-4F60-A18C-59B928AD0932}.Debug|Any CPU.ActiveCfg = Debug|Any CPU
		{DAE68513-30A4-4F60-A18C-59B928AD0932}.Debug|Any CPU.Build.0 = Debug|Any CPU
		{DAE68513-30A4-4F60-A18C-59B928AD0932}.Release|Any CPU.ActiveCfg = Release|Any CPU
		{DAE68513-30A4-4F60-A18C-59B928AD0932}.Release|Any CPU.Build.0 = Release|Any CPU
	EndGlobalSection
	GlobalSection(SolutionProperties) = preSolution
		HideSolutionNode = FALSE
	EndGlobalSection
	GlobalSection(ExtensibilityGlobals) = postSolution
		SolutionGuid = {150C236E-F27D-4B3B-8267-0CCAC77F016B}
	EndGlobalSection
EndGlobal
